PODS:
  - "NSObject+Rx (5.2.1)":
    - RxSwift (~> 6.0)
  - RxSwift (6.2.0)
  - SwiftNavigator (0.0.2):
    - "NSObject+Rx"

DEPENDENCIES:
  - SwiftNavigator (from `../`)

SPEC REPOS:
  trunk:
    - "NSObject+Rx"
    - RxSwift

EXTERNAL SOURCES:
  SwiftNavigator:
    :path: "../"

SPEC CHECKSUMS:
  "NSObject+Rx": 49ffbf55ad0bbc29a44547db63a9e33caf0c5d60
  RxSwift: d356ab7bee873611322f134c5f9ef379fa183d8f
  SwiftNavigator: b13c75277e2a22ee168330eac343a0a9bd850d69

PODFILE CHECKSUM: b4607a13e2b53acc38252965d6f82a1df3f366ce

COCOAPODS: 1.11.2
